
Microsoft Visual Studio Solution File, Format Version 12.00
# Visual Studio 15
VisualStudioVersion = 15.0.28307.168
MinimumVisualStudioVersion = 10.0.40219.1
Project("{FAE04EC0-301F-11D3-BF4B-00C04F79EFBC}") = "BlockChain", "BlockChain\BlockChain.csproj", "{B7AB9EC5-A738-4954-8355-D4B65A8020E2}"
EndProject
Global
	GlobalSection(SolutionConfigurationPlatforms) = preSolution
		Debug|Any CPU = Debug|Any CPU
		Release|Any CPU = Release|Any CPU
	EndGlobalSection
	GlobalSection(ProjectConfigurationPlatforms) = postSolution
		{B7AB9EC5-A738-4954-8355-D4B65A8020E2}.Debug|Any CPU.ActiveCfg = Debug|Any CPU
		{B7AB9EC5-A738-4954-8355-D4B65A8020E2}.Debug|Any CPU.Build.0 = Debug|Any CPU
		{B7AB9EC5-A738-4954-8355-D4B65A8020E2}.Release|Any CPU.ActiveCfg = Release|Any CPU
		{B7AB9EC5-A738-4954-8355-D4B65A8020E2}.Release|Any CPU.Build.0 = Release|Any CPU
	EndGlobalSection
	GlobalSection(SolutionProperties) = preSolution
		HideSolutionNode = FALSE
	EndGlobalSection
	GlobalSection(ExtensibilityGlobals) = postSolution
		SolutionGuid = {850C3AE0-6F51-4619-92DA-AABF839984BB}
	EndGlobalSection
EndGlobal
