
Microsoft Visual Studio Solution File, Format Version 12.00
# Visual Studio 15
VisualStudioVersion = 15.0.28307.421
MinimumVisualStudioVersion = 10.0.40219.1
Project("{FAE04EC0-301F-11D3-BF4B-00C04F79EFBC}") = "BlockChain", "BlockChain\BlockChain.csproj", "{9F448D0A-A209-48C2-83F9-CE227FEDE416}"
EndProject
Project("{FAE04EC0-301F-11D3-BF4B-00C04F79EFBC}") = "Node", "Node\Node.csproj", "{CAC8F47C-5464-44F2-8825-ED1B9BF85470}"
EndProject
Global
	GlobalSection(SolutionConfigurationPlatforms) = preSolution
		Debug|Any CPU = Debug|Any CPU
		Release|Any CPU = Release|Any CPU
	EndGlobalSection
	GlobalSection(ProjectConfigurationPlatforms) = postSolution
		{9F448D0A-A209-48C2-83F9-CE227FEDE416}.Debug|Any CPU.ActiveCfg = Debug|Any CPU
		{9F448D0A-A209-48C2-83F9-CE227FEDE416}.Debug|Any CPU.Build.0 = Debug|Any CPU
		{9F448D0A-A209-48C2-83F9-CE227FEDE416}.Release|Any CPU.ActiveCfg = Release|Any CPU
		{9F448D0A-A209-48C2-83F9-CE227FEDE416}.Release|Any CPU.Build.0 = Release|Any CPU
		{CAC8F47C-5464-44F2-8825-ED1B9BF85470}.Debug|Any CPU.ActiveCfg = Debug|Any CPU
		{CAC8F47C-5464-44F2-8825-ED1B9BF85470}.Debug|Any CPU.Build.0 = Debug|Any CPU
		{CAC8F47C-5464-44F2-8825-ED1B9BF85470}.Release|Any CPU.ActiveCfg = Release|Any CPU
		{CAC8F47C-5464-44F2-8825-ED1B9BF85470}.Release|Any CPU.Build.0 = Release|Any CPU
	EndGlobalSection
	GlobalSection(SolutionProperties) = preSolution
		HideSolutionNode = FALSE
	EndGlobalSection
	GlobalSection(ExtensibilityGlobals) = postSolution
		SolutionGuid = {79168DB5-9B41-4A80-8237-85B271E73C4B}
	EndGlobalSection
EndGlobal
